<?xml version="1.0" encoding="utf-8"?>
<Project ToolsVersion="4.0" xmlns="http://schemas.microsoft.com/developer/msbuild/2003">
  <ItemGroup>
    <Filter Include="Quelldateien">
      <UniqueIdentifier>{4FC737F1-C7A5-4376-A066-2A32D752A2FF}</UniqueIdentifier>
      <Extensions>cpp;c;cc;cxx;def;odl;idl;hpj;bat;asm;asmx</Extensions>
    </Filter>
    <Filter Include="Headerdateien">
      <UniqueIdentifier>{93995380-89BD-4b04-88EB-625FBE52EBFB}</UniqueIdentifier>
      <Extensions>h;hh;hpp;hxx;hm;inl;inc;xsd</Extensions>
    </Filter>
    <Filter Include="Ressourcendateien">
      <UniqueIdentifier>{67DA6AB6-F800-4c08-8B7A-83BB121AAD01}</UniqueIdentifier>
      <Extensions>rc;ico;cur;bmp;dlg;rc2;rct;bin;rgs;gif;jpg;jpeg;jpe;resx;tiff;tif;png;wav;mfcribbon-ms</Extensions>
    </Filter>
  </ItemGroup>
  <ItemGroup>
    <ClInclude Include="Bildpaar.h">
      <Filter>Headerdateien</Filter>
    </ClInclude>
    <ClInclude Include="Matcher.h">
      <Filter>Headerdateien</Filter>
    </ClInclude>
    <ClInclude Include="Model.h">
      <Filter>Headerdateien</Filter>
    </ClInclude>
    <ClInclude Include="PointCloudTable.h">
      <Filter>Headerdateien</Filter>
    </ClInclude>
    <ClInclude Include="StereoMatcher.h">
      <Filter>Headerdateien</Filter>
    </ClInclude>
    <ClInclude Include="StereoMatcher2.h">
      <Filter>Headerdateien</Filter>
    </ClInclude>
    <ClInclude Include="Triangulation.h">
      <Filter>Headerdateien</Filter>
    </ClInclude>
    <ClInclude Include="Visualizer.h">
      <Filter>Headerdateien</Filter>
    </ClInclude>
    <ClInclude Include="BundleAdjusterSSBA.h">
      <Filter>Headerdateien</Filter>
    </ClInclude>
    <ClInclude Include="Bild.h">
      <Filter>Headerdateien</Filter>
    </ClInclude>
    <ClInclude Include="..\..\..\..\..\..\..\Bibliotheken\sgm-ICCS\disparity_method.h">
      <Filter>Headerdateien</Filter>
    </ClInclude>
    <ClInclude Include="..\..\..\..\..\..\..\Bibliotheken\sgm-ICCS\configuration.h">
      <Filter>Headerdateien</Filter>
    </ClInclude>
    <ClInclude Include="..\..\..\..\..\..\..\Bibliotheken\sgm-ICCS\cost_aggregation.h">
      <Filter>Headerdateien</Filter>
    </ClInclude>
    <ClInclude Include="..\..\..\..\..\..\..\Bibliotheken\sgm-ICCS\costs.h">
      <Filter>Headerdateien</Filter>
    </ClInclude>
    <ClInclude Include="..\..\..\..\..\..\..\Bibliotheken\sgm-ICCS\debug.h">
      <Filter>Headerdateien</Filter>
    </ClInclude>
    <ClInclude Include="..\..\..\..\..\..\..\Bibliotheken\sgm-ICCS\hamming_cost.h">
      <Filter>Headerdateien</Filter>
    </ClInclude>
    <ClInclude Include="..\..\..\..\..\..\..\Bibliotheken\sgm-ICCS\median_filter.h">
      <Filter>Headerdateien</Filter>
    </ClInclude>
    <ClInclude Include="..\..\..\..\..\..\..\Bibliotheken\sgm-ICCS\util.h">
      <Filter>Headerdateien</Filter>
    </ClInclude>
    <ClInclude Include="StereoMatcherSGM.h">
      <Filter>Headerdateien</Filter>
    </ClInclude>
  </ItemGroup>
  <ItemGroup>
    <ClCompile Include="Bild.cpp">
      <Filter>Quelldateien</Filter>
    </ClCompile>
    <ClCompile Include="Bildpaar.cpp">
      <Filter>Quelldateien</Filter>
    </ClCompile>
    <ClCompile Include="Matcher.cpp">
      <Filter>Quelldateien</Filter>
    </ClCompile>
    <ClCompile Include="Model.cpp">
      <Filter>Quelldateien</Filter>
    </ClCompile>
    <ClCompile Include="PointCloudTable.cpp">
      <Filter>Quelldateien</Filter>
    </ClCompile>
    <ClCompile Include="StereoMatcher.cpp">
      <Filter>Quelldateien</Filter>
    </ClCompile>
    <ClCompile Include="StereoMatcher2.cpp">
      <Filter>Quelldateien</Filter>
    </ClCompile>
    <ClCompile Include="Triangulation.cpp">
      <Filter>Quelldateien</Filter>
    </ClCompile>
    <ClCompile Include="Visualizer.cpp">
      <Filter>Quelldateien</Filter>
    </ClCompile>
    <ClCompile Include="BundleAdjusterSSBA.cpp">
      <Filter>Quelldateien</Filter>
    </ClCompile>
    <ClCompile Include="main.cpp">
      <Filter>Quelldateien</Filter>
    </ClCompile>
    <ClCompile Include="..\..\..\..\..\..\..\Bibliotheken\sgm-ICCS\SGM_Wrapper.cpp">
      <Filter>Quelldateien</Filter>
    </ClCompile>
    <ClCompile Include="StereoMatcherSGM_.cpp">
      <Filter>Quelldateien</Filter>
    </ClCompile>
  </ItemGroup>
  <ItemGroup>
    <CudaCompile Include="..\..\..\..\..\..\..\Bibliotheken\sgm-ICCS\costs.cu" />
    <CudaCompile Include="..\..\..\..\..\..\..\Bibliotheken\sgm-ICCS\debug.cu" />
    <CudaCompile Include="..\..\..\..\..\..\..\Bibliotheken\sgm-ICCS\disparity_method.cu" />
    <CudaCompile Include="..\..\..\..\..\..\..\Bibliotheken\sgm-ICCS\hamming_cost.cu" />
    <CudaCompile Include="..\..\..\..\..\..\..\Bibliotheken\sgm-ICCS\median_filter.cu" />
  </ItemGroup>
  <ItemGroup>
    <None Include="ClassDiagram.cd" />
  </ItemGroup>
</Project>